// !$*UTF8*$!
{
	archiveVersion = 1;
	classes = {
	};
	objectVersion = 77;
	objects = {

/* Begin PBXBuildFile section */
		85720ABD2D47A8B80059CF2B /* AppHttpKit in Frameworks */ = {isa = PBXBuildFile; productRef = 85720ABC2D47A8B80059CF2B /* AppHttpKit */; };
		85720B4A2D47BA3B0059CF2B /* RijksData in Frameworks */ = {isa = PBXBuildFile; productRef = 85720B492D47BA3B0059CF2B /* RijksData */; };
		85720B912D47FAEA0059CF2B /* RijksUI in Frameworks */ = {isa = PBXBuildFile; productRef = 85720B902D47FAEA0059CF2B /* RijksUI */; };
		8572155A2D48F9AC0059CF2B /* NavigationKit in Frameworks */ = {isa = PBXBuildFile; productRef = 857215592D48F9AC0059CF2B /* NavigationKit */; };
		85B669EE2D412B78005C654F /* PlistReader in Frameworks */ = {isa = PBXBuildFile; productRef = 85B669ED2D412B78005C654F /* PlistReader */; };
/* End PBXBuildFile section */

/* Begin PBXContainerItemProxy section */
		85AD05462D41004100E37660 /* PBXContainerItemProxy */ = {
			isa = PBXContainerItemProxy;
			containerPortal = 85AD05272D41004000E37660 /* Project object */;
			proxyType = 1;
			remoteGlobalIDString = 85AD052E2D41004000E37660;
			remoteInfo = RijksMuseum;
		};
		85AD05502D41004100E37660 /* PBXContainerItemProxy */ = {
			isa = PBXContainerItemProxy;
			containerPortal = 85AD05272D41004000E37660 /* Project object */;
			proxyType = 1;
			remoteGlobalIDString = 85AD052E2D41004000E37660;
			remoteInfo = RijksMuseum;
		};
/* End PBXContainerItemProxy section */

/* Begin PBXFileReference section */
		85AD052F2D41004000E37660 /* RijksMuseum.app */ = {isa = PBXFileReference; explicitFileType = wrapper.application; includeInIndex = 0; path = RijksMuseum.app; sourceTree = BUILT_PRODUCTS_DIR; };
		85AD05452D41004100E37660 /* RijksMuseumTests.xctest */ = {isa = PBXFileReference; explicitFileType = wrapper.cfbundle; includeInIndex = 0; path = RijksMuseumTests.xctest; sourceTree = BUILT_PRODUCTS_DIR; };
		85AD054F2D41004100E37660 /* RijksMuseumUITests.xctest */ = {isa = PBXFileReference; explicitFileType = wrapper.cfbundle; includeInIndex = 0; path = RijksMuseumUITests.xctest; sourceTree = BUILT_PRODUCTS_DIR; };
/* End PBXFileReference section */

/* Begin PBXFileSystemSynchronizedBuildFileExceptionSet section */
		85AD05572D41004100E37660 /* Exceptions for "RijksMuseum" folder in "RijksMuseum" target */ = {
			isa = PBXFileSystemSynchronizedBuildFileExceptionSet;
			membershipExceptions = (
				Resources/Info.plist,
			);
			target = 85AD052E2D41004000E37660 /* RijksMuseum */;
		};
/* End PBXFileSystemSynchronizedBuildFileExceptionSet section */

/* Begin PBXFileSystemSynchronizedRootGroup section */
		85AD05312D41004000E37660 /* RijksMuseum */ = {
			isa = PBXFileSystemSynchronizedRootGroup;
			exceptions = (
				85AD05572D41004100E37660 /* Exceptions for "RijksMuseum" folder in "RijksMuseum" target */,
			);
			path = RijksMuseum;
			sourceTree = "<group>";
		};
		85AD05482D41004100E37660 /* RijksMuseumTests */ = {
			isa = PBXFileSystemSynchronizedRootGroup;
			path = RijksMuseumTests;
			sourceTree = "<group>";
		};
		85AD05522D41004100E37660 /* RijksMuseumUITests */ = {
			isa = PBXFileSystemSynchronizedRootGroup;
			path = RijksMuseumUITests;
			sourceTree = "<group>";
		};
/* End PBXFileSystemSynchronizedRootGroup section */

/* Begin PBXFrameworksBuildPhase section */
		85AD052C2D41004000E37660 /* Frameworks */ = {
			isa = PBXFrameworksBuildPhase;
			buildActionMask = 2147483647;
			files = (
				85720B912D47FAEA0059CF2B /* RijksUI in Frameworks */,
				85B669EE2D412B78005C654F /* PlistReader in Frameworks */,
				85720ABD2D47A8B80059CF2B /* AppHttpKit in Frameworks */,
				85720B4A2D47BA3B0059CF2B /* RijksData in Frameworks */,
				8572155A2D48F9AC0059CF2B /* NavigationKit in Frameworks */,
			);
			runOnlyForDeploymentPostprocessing = 0;
		};
		85AD05422D41004100E37660 /* Frameworks */ = {
			isa = PBXFrameworksBuildPhase;
			buildActionMask = 2147483647;
			files = (
			);
			runOnlyForDeploymentPostprocessing = 0;
		};
		85AD054C2D41004100E37660 /* Frameworks */ = {
			isa = PBXFrameworksBuildPhase;
			buildActionMask = 2147483647;
			files = (
			);
			runOnlyForDeploymentPostprocessing = 0;
		};
/* End PBXFrameworksBuildPhase section */

/* Begin PBXGroup section */
		85AD05262D41004000E37660 = {
			isa = PBXGroup;
			children = (
				85AD05312D41004000E37660 /* RijksMuseum */,
				85AD05482D41004100E37660 /* RijksMuseumTests */,
				85AD05522D41004100E37660 /* RijksMuseumUITests */,
				85B669EC2D412B78005C654F /* Frameworks */,
				85AD05302D41004000E37660 /* Products */,
			);
			sourceTree = "<group>";
		};
		85AD05302D41004000E37660 /* Products */ = {
			isa = PBXGroup;
			children = (
				85AD052F2D41004000E37660 /* RijksMuseum.app */,
				85AD05452D41004100E37660 /* RijksMuseumTests.xctest */,
				85AD054F2D41004100E37660 /* RijksMuseumUITests.xctest */,
			);
			name = Products;
			sourceTree = "<group>";
		};
		85B669EC2D412B78005C654F /* Frameworks */ = {
			isa = PBXGroup;
			children = (
			);
			name = Frameworks;
			sourceTree = "<group>";
		};
/* End PBXGroup section */

/* Begin PBXNativeTarget section */
		85AD052E2D41004000E37660 /* RijksMuseum */ = {
			isa = PBXNativeTarget;
			buildConfigurationList = 85AD05582D41004100E37660 /* Build configuration list for PBXNativeTarget "RijksMuseum" */;
			buildPhases = (
				85AD052B2D41004000E37660 /* Sources */,
				85AD052C2D41004000E37660 /* Frameworks */,
				85AD052D2D41004000E37660 /* Resources */,
			);
			buildRules = (
			);
			dependencies = (
			);
			fileSystemSynchronizedGroups = (
				85AD05312D41004000E37660 /* RijksMuseum */,
			);
			name = RijksMuseum;
			packageProductDependencies = (
				85B669ED2D412B78005C654F /* PlistReader */,
				85720ABC2D47A8B80059CF2B /* AppHttpKit */,
				85720B492D47BA3B0059CF2B /* RijksData */,
				85720B902D47FAEA0059CF2B /* RijksUI */,
				857215592D48F9AC0059CF2B /* NavigationKit */,
			);
			productName = RijksMuseum;
			productReference = 85AD052F2D41004000E37660 /* RijksMuseum.app */;
			productType = "com.apple.product-type.application";
		};
		85AD05442D41004100E37660 /* RijksMuseumTests */ = {
			isa = PBXNativeTarget;
			buildConfigurationList = 85AD055D2D41004100E37660 /* Build configuration list for PBXNativeTarget "RijksMuseumTests" */;
			buildPhases = (
				85AD05412D41004100E37660 /* Sources */,
				85AD05422D41004100E37660 /* Frameworks */,
				85AD05432D41004100E37660 /* Resources */,
			);
			buildRules = (
			);
			dependencies = (
				85AD05472D41004100E37660 /* PBXTargetDependency */,
			);
			fileSystemSynchronizedGroups = (
				85AD05482D41004100E37660 /* RijksMuseumTests */,
			);
			name = RijksMuseumTests;
			packageProductDependencies = (
			);
			productName = RijksMuseumTests;
			productReference = 85AD05452D41004100E37660 /* RijksMuseumTests.xctest */;
			productType = "com.apple.product-type.bundle.unit-test";
		};
		85AD054E2D41004100E37660 /* RijksMuseumUITests */ = {
			isa = PBXNativeTarget;
			buildConfigurationList = 85AD05602D41004100E37660 /* Build configuration list for PBXNativeTarget "RijksMuseumUITests" */;
			buildPhases = (
				85AD054B2D41004100E37660 /* Sources */,
				85AD054C2D41004100E37660 /* Frameworks */,
				85AD054D2D41004100E37660 /* Resources */,
			);
			buildRules = (
			);
			dependencies = (
				85AD05512D41004100E37660 /* PBXTargetDependency */,
			);
			fileSystemSynchronizedGroups = (
				85AD05522D41004100E37660 /* RijksMuseumUITests */,
			);
			name = RijksMuseumUITests;
			packageProductDependencies = (
			);
			productName = RijksMuseumUITests;
			productReference = 85AD054F2D41004100E37660 /* RijksMuseumUITests.xctest */;
			productType = "com.apple.product-type.bundle.ui-testing";
		};
/* End PBXNativeTarget section */

/* Begin PBXProject section */
		85AD05272D41004000E37660 /* Project object */ = {
			isa = PBXProject;
			attributes = {
				BuildIndependentTargetsInParallel = 1;
				LastSwiftUpdateCheck = 1620;
				LastUpgradeCheck = 1620;
				TargetAttributes = {
					85AD052E2D41004000E37660 = {
						CreatedOnToolsVersion = 16.2;
					};
					85AD05442D41004100E37660 = {
						CreatedOnToolsVersion = 16.2;
						TestTargetID = 85AD052E2D41004000E37660;
					};
					85AD054E2D41004100E37660 = {
						CreatedOnToolsVersion = 16.2;
						TestTargetID = 85AD052E2D41004000E37660;
					};
				};
			};
			buildConfigurationList = 85AD052A2D41004000E37660 /* Build configuration list for PBXProject "RijksMuseum" */;
			developmentRegion = en;
			hasScannedForEncodings = 0;
			knownRegions = (
				en,
				Base,
			);
			mainGroup = 85AD05262D41004000E37660;
			minimizedProjectReferenceProxies = 1;
			packageReferences = (
				85B669E72D4126C6005C654F /* XCLocalSwiftPackageReference "Dependencies/PlistReader" */,
				85720ABB2D47A8B80059CF2B /* XCLocalSwiftPackageReference "Dependencies/AppHttpKit" */,
				85720B462D47AE7A0059CF2B /* XCLocalSwiftPackageReference "Dependencies/RijksData" */,
				85720B8F2D47FAEA0059CF2B /* XCLocalSwiftPackageReference "Dependencies/RijksUI" */,
				857215582D48F9AC0059CF2B /* XCLocalSwiftPackageReference "Dependencies/NavigationKit" */,
			);
			preferredProjectObjectVersion = 77;
			productRefGroup = 85AD05302D41004000E37660 /* Products */;
			projectDirPath = "";
			projectRoot = "";
			targets = (
				85AD052E2D41004000E37660 /* RijksMuseum */,
				85AD05442D41004100E37660 /* RijksMuseumTests */,
				85AD054E2D41004100E37660 /* RijksMuseumUITests */,
			);
		};
/* End PBXProject section */

/* Begin PBXResourcesBuildPhase section */
		85AD052D2D41004000E37660 /* Resources */ = {
			isa = PBXResourcesBuildPhase;
			buildActionMask = 2147483647;
			files = (
			);
			runOnlyForDeploymentPostprocessing = 0;
		};
		85AD05432D41004100E37660 /* Resources */ = {
			isa = PBXResourcesBuildPhase;
			buildActionMask = 2147483647;
			files = (
			);
			runOnlyForDeploymentPostprocessing = 0;
		};
		85AD054D2D41004100E37660 /* Resources */ = {
			isa = PBXResourcesBuildPhase;
			buildActionMask = 2147483647;
			files = (
			);
			runOnlyForDeploymentPostprocessing = 0;
		};
/* End PBXResourcesBuildPhase section */

/* Begin PBXSourcesBuildPhase section */
		85AD052B2D41004000E37660 /* Sources */ = {
			isa = PBXSourcesBuildPhase;
			buildActionMask = 2147483647;
			files = (
			);
			runOnlyForDeploymentPostprocessing = 0;
		};
		85AD05412D41004100E37660 /* Sources */ = {
			isa = PBXSourcesBuildPhase;
			buildActionMask = 2147483647;
			files = (
			);
			runOnlyForDeploymentPostprocessing = 0;
		};
		85AD054B2D41004100E37660 /* Sources */ = {
			isa = PBXSourcesBuildPhase;
			buildActionMask = 2147483647;
			files = (
			);
			runOnlyForDeploymentPostprocessing = 0;
		};
/* End PBXSourcesBuildPhase section */

/* Begin PBXTargetDependency section */
		85AD05472D41004100E37660 /* PBXTargetDependency */ = {
			isa = PBXTargetDependency;
			target = 85AD052E2D41004000E37660 /* RijksMuseum */;
			targetProxy = 85AD05462D41004100E37660 /* PBXContainerItemProxy */;
		};
		85AD05512D41004100E37660 /* PBXTargetDependency */ = {
			isa = PBXTargetDependency;
			target = 85AD052E2D41004000E37660 /* RijksMuseum */;
			targetProxy = 85AD05502D41004100E37660 /* PBXContainerItemProxy */;
		};
/* End PBXTargetDependency section */

/* Begin XCBuildConfiguration section */
		85AD05592D41004100E37660 /* Debug */ = {
			isa = XCBuildConfiguration;
			baseConfigurationReferenceAnchor = 85AD05312D41004000E37660 /* RijksMuseum */;
			baseConfigurationReferenceRelativePath = App/Configuration/Production.xcconfig;
			buildSettings = {
				ASSETCATALOG_COMPILER_APPICON_NAME = AppIcon;
				ASSETCATALOG_COMPILER_GLOBAL_ACCENT_COLOR_NAME = AccentColor;
				CODE_SIGN_STYLE = Automatic;
				CURRENT_PROJECT_VERSION = 1;
				DEVELOPMENT_TEAM = TY76G8986Z;
				GENERATE_INFOPLIST_FILE = YES;
				INFOPLIST_FILE = RijksMuseum/Resources/Info.plist;
				INFOPLIST_KEY_UIApplicationSupportsIndirectInputEvents = YES;
				INFOPLIST_KEY_UILaunchStoryboardName = LaunchScreen;
				INFOPLIST_KEY_UISupportedInterfaceOrientations_iPad = "UIInterfaceOrientationPortrait UIInterfaceOrientationPortraitUpsideDown UIInterfaceOrientationLandscapeLeft UIInterfaceOrientationLandscapeRight";
				INFOPLIST_KEY_UISupportedInterfaceOrientations_iPhone = "UIInterfaceOrientationPortrait UIInterfaceOrientationLandscapeLeft UIInterfaceOrientationLandscapeRight";
				IPHONEOS_DEPLOYMENT_TARGET = 18.0;
				LD_RUNPATH_SEARCH_PATHS = (
					"$(inherited)",
					"@executable_path/Frameworks",
				);
				MARKETING_VERSION = 1.0;
				PRODUCT_BUNDLE_IDENTIFIER = com.ahtechassignment.RijksMuseum;
				PRODUCT_NAME = "$(TARGET_NAME)";
				SWIFT_EMIT_LOC_STRINGS = YES;
				SWIFT_STRICT_CONCURRENCY = complete;
				SWIFT_VERSION = 5.0;
				TARGETED_DEVICE_FAMILY = "1,2";
			};
			name = Debug;
		};
		85AD055A2D41004100E37660 /* Release */ = {
			isa = XCBuildConfiguration;
			baseConfigurationReferenceAnchor = 85AD05312D41004000E37660 /* RijksMuseum */;
			baseConfigurationReferenceRelativePath = App/Configuration/Production.xcconfig;
			buildSettings = {
				ASSETCATALOG_COMPILER_APPICON_NAME = AppIcon;
				ASSETCATALOG_COMPILER_GLOBAL_ACCENT_COLOR_NAME = AccentColor;
				CODE_SIGN_STYLE = Automatic;
				CURRENT_PROJECT_VERSION = 1;
				DEVELOPMENT_TEAM = TY76G8986Z;
				GENERATE_INFOPLIST_FILE = YES;
				INFOPLIST_FILE = RijksMuseum/Resources/Info.plist;
				INFOPLIST_KEY_UIApplicationSupportsIndirectInputEvents = YES;
				INFOPLIST_KEY_UILaunchStoryboardName = LaunchScreen;
				INFOPLIST_KEY_UISupportedInterfaceOrientations_iPad = "UIInterfaceOrientationPortrait UIInterfaceOrientationPortraitUpsideDown UIInterfaceOrientationLandscapeLeft UIInterfaceOrientationLandscapeRight";
				INFOPLIST_KEY_UISupportedInterfaceOrientations_iPhone = "UIInterfaceOrientationPortrait UIInterfaceOrientationLandscapeLeft UIInterfaceOrientationLandscapeRight";
				IPHONEOS_DEPLOYMENT_TARGET = 18.0;
				LD_RUNPATH_SEARCH_PATHS = (
					"$(inherited)",
					"@executable_path/Frameworks",
				);
				MARKETING_VERSION = 1.0;
				PRODUCT_BUNDLE_IDENTIFIER = com.ahtechassignment.RijksMuseum;
				PRODUCT_NAME = "$(TARGET_NAME)";
				SWIFT_EMIT_LOC_STRINGS = YES;
				SWIFT_STRICT_CONCURRENCY = complete;
				SWIFT_VERSION = 5.0;
				TARGETED_DEVICE_FAMILY = "1,2";
			};
			name = Release;
		};
		85AD055B2D41004100E37660 /* Debug */ = {
			isa = XCBuildConfiguration;
			baseConfigurationReferenceAnchor = 85AD05312D41004000E37660 /* RijksMuseum */;
			baseConfigurationReferenceRelativePath = App/Configuration/Production.xcconfig;
			buildSettings = {
				ALWAYS_SEARCH_USER_PATHS = NO;
				ASSETCATALOG_COMPILER_GENERATE_SWIFT_ASSET_SYMBOL_EXTENSIONS = YES;
				CLANG_ANALYZER_NONNULL = YES;
				CLANG_ANALYZER_NUMBER_OBJECT_CONVERSION = YES_AGGRESSIVE;
				CLANG_CXX_LANGUAGE_STANDARD = "gnu++20";
				CLANG_ENABLE_MODULES = YES;
				CLANG_ENABLE_OBJC_ARC = YES;
				CLANG_ENABLE_OBJC_WEAK = YES;
				CLANG_WARN_BLOCK_CAPTURE_AUTORELEASING = YES;
				CLANG_WARN_BOOL_CONVERSION = YES;
				CLANG_WARN_COMMA = YES;
				CLANG_WARN_CONSTANT_CONVERSION = YES;
				CLANG_WARN_DEPRECATED_OBJC_IMPLEMENTATIONS = YES;
				CLANG_WARN_DIRECT_OBJC_ISA_USAGE = YES_ERROR;
				CLANG_WARN_DOCUMENTATION_COMMENTS = YES;
				CLANG_WARN_EMPTY_BODY = YES;
				CLANG_WARN_ENUM_CONVERSION = YES;
				CLANG_WARN_INFINITE_RECURSION = YES;
				CLANG_WARN_INT_CONVERSION = YES;
				CLANG_WARN_NON_LITERAL_NULL_CONVERSION = YES;
				CLANG_WARN_OBJC_IMPLICIT_RETAIN_SELF = YES;
				CLANG_WARN_OBJC_LITERAL_CONVERSION = YES;
				CLANG_WARN_OBJC_ROOT_CLASS = YES_ERROR;
				CLANG_WARN_QUOTED_INCLUDE_IN_FRAMEWORK_HEADER = YES;
				CLANG_WARN_RANGE_LOOP_ANALYSIS = YES;
				CLANG_WARN_STRICT_PROTOTYPES = YES;
				CLANG_WARN_SUSPICIOUS_MOVE = YES;
				CLANG_WARN_UNGUARDED_AVAILABILITY = YES_AGGRESSIVE;
				CLANG_WARN_UNREACHABLE_CODE = YES;
				CLANG_WARN__DUPLICATE_METHOD_MATCH = YES;
				COPY_PHASE_STRIP = NO;
				DEBUG_INFORMATION_FORMAT = dwarf;
				ENABLE_STRICT_OBJC_MSGSEND = YES;
				ENABLE_TESTABILITY = YES;
				ENABLE_USER_SCRIPT_SANDBOXING = YES;
				GCC_C_LANGUAGE_STANDARD = gnu17;
				GCC_DYNAMIC_NO_PIC = NO;
				GCC_NO_COMMON_BLOCKS = YES;
				GCC_OPTIMIZATION_LEVEL = 0;
				GCC_PREPROCESSOR_DEFINITIONS = (
					"DEBUG=1",
					"$(inherited)",
				);
				GCC_WARN_64_TO_32_BIT_CONVERSION = YES;
				GCC_WARN_ABOUT_RETURN_TYPE = YES_ERROR;
				GCC_WARN_UNDECLARED_SELECTOR = YES;
				GCC_WARN_UNINITIALIZED_AUTOS = YES_AGGRESSIVE;
				GCC_WARN_UNUSED_FUNCTION = YES;
				GCC_WARN_UNUSED_VARIABLE = YES;
				IPHONEOS_DEPLOYMENT_TARGET = 18.2;
				LOCALIZATION_PREFERS_STRING_CATALOGS = YES;
				MTL_ENABLE_DEBUG_INFO = INCLUDE_SOURCE;
				MTL_FAST_MATH = YES;
				ONLY_ACTIVE_ARCH = YES;
				SDKROOT = iphoneos;
				SWIFT_ACTIVE_COMPILATION_CONDITIONS = "DEBUG $(inherited)";
				SWIFT_OPTIMIZATION_LEVEL = "-Onone";
			};
			name = Debug;
		};
		85AD055C2D41004100E37660 /* Release */ = {
			isa = XCBuildConfiguration;
			baseConfigurationReferenceAnchor = 85AD05312D41004000E37660 /* RijksMuseum */;
			baseConfigurationReferenceRelativePath = App/Configuration/Production.xcconfig;
			buildSettings = {
				ALWAYS_SEARCH_USER_PATHS = NO;
				ASSETCATALOG_COMPILER_GENERATE_SWIFT_ASSET_SYMBOL_EXTENSIONS = YES;
				CLANG_ANALYZER_NONNULL = YES;
				CLANG_ANALYZER_NUMBER_OBJECT_CONVERSION = YES_AGGRESSIVE;
				CLANG_CXX_LANGUAGE_STANDARD = "gnu++20";
				CLANG_ENABLE_MODULES = YES;
				CLANG_ENABLE_OBJC_ARC = YES;
				CLANG_ENABLE_OBJC_WEAK = YES;
				CLANG_WARN_BLOCK_CAPTURE_AUTORELEASING = YES;
				CLANG_WARN_BOOL_CONVERSION = YES;
				CLANG_WARN_COMMA = YES;
				CLANG_WARN_CONSTANT_CONVERSION = YES;
				CLANG_WARN_DEPRECATED_OBJC_IMPLEMENTATIONS = YES;
				CLANG_WARN_DIRECT_OBJC_ISA_USAGE = YES_ERROR;
				CLANG_WARN_DOCUMENTATION_COMMENTS = YES;
				CLANG_WARN_EMPTY_BODY = YES;
				CLANG_WARN_ENUM_CONVERSION = YES;
				CLANG_WARN_INFINITE_RECURSION = YES;
				CLANG_WARN_INT_CONVERSION = YES;
				CLANG_WARN_NON_LITERAL_NULL_CONVERSION = YES;
				CLANG_WARN_OBJC_IMPLICIT_RETAIN_SELF = YES;
				CLANG_WARN_OBJC_LITERAL_CONVERSION = YES;
				CLANG_WARN_OBJC_ROOT_CLASS = YES_ERROR;
				CLANG_WARN_QUOTED_INCLUDE_IN_FRAMEWORK_HEADER = YES;
				CLANG_WARN_RANGE_LOOP_ANALYSIS = YES;
				CLANG_WARN_STRICT_PROTOTYPES = YES;
				CLANG_WARN_SUSPICIOUS_MOVE = YES;
				CLANG_WARN_UNGUARDED_AVAILABILITY = YES_AGGRESSIVE;
				CLANG_WARN_UNREACHABLE_CODE = YES;
				CLANG_WARN__DUPLICATE_METHOD_MATCH = YES;
				COPY_PHASE_STRIP = NO;
				DEBUG_INFORMATION_FORMAT = "dwarf-with-dsym";
				ENABLE_NS_ASSERTIONS = NO;
				ENABLE_STRICT_OBJC_MSGSEND = YES;
				ENABLE_USER_SCRIPT_SANDBOXING = YES;
				GCC_C_LANGUAGE_STANDARD = gnu17;
				GCC_NO_COMMON_BLOCKS = YES;
				GCC_WARN_64_TO_32_BIT_CONVERSION = YES;
				GCC_WARN_ABOUT_RETURN_TYPE = YES_ERROR;
				GCC_WARN_UNDECLARED_SELECTOR = YES;
				GCC_WARN_UNINITIALIZED_AUTOS = YES_AGGRESSIVE;
				GCC_WARN_UNUSED_FUNCTION = YES;
				GCC_WARN_UNUSED_VARIABLE = YES;
				IPHONEOS_DEPLOYMENT_TARGET = 18.2;
				LOCALIZATION_PREFERS_STRING_CATALOGS = YES;
				MTL_ENABLE_DEBUG_INFO = NO;
				MTL_FAST_MATH = YES;
				SDKROOT = iphoneos;
				SWIFT_COMPILATION_MODE = wholemodule;
				VALIDATE_PRODUCT = YES;
			};
			name = Release;
		};
		85AD055E2D41004100E37660 /* Debug */ = {
			isa = XCBuildConfiguration;
			buildSettings = {
				BUNDLE_LOADER = "$(TEST_HOST)";
				CODE_SIGN_STYLE = Automatic;
				CURRENT_PROJECT_VERSION = 1;
				GENERATE_INFOPLIST_FILE = YES;
				IPHONEOS_DEPLOYMENT_TARGET = 18.2;
				MARKETING_VERSION = 1.0;
				PRODUCT_BUNDLE_IDENTIFIER = com.ahtechassignment.RijksMuseumTests;
				PRODUCT_NAME = "$(TARGET_NAME)";
				SWIFT_EMIT_LOC_STRINGS = NO;
				SWIFT_VERSION = 5.0;
				TARGETED_DEVICE_FAMILY = "1,2";
				TEST_HOST = "$(BUILT_PRODUCTS_DIR)/RijksMuseum.app/$(BUNDLE_EXECUTABLE_FOLDER_PATH)/RijksMuseum";
			};
			name = Debug;
		};
		85AD055F2D41004100E37660 /* Release */ = {
			isa = XCBuildConfiguration;
			buildSettings = {
				BUNDLE_LOADER = "$(TEST_HOST)";
				CODE_SIGN_STYLE = Automatic;
				CURRENT_PROJECT_VERSION = 1;
				GENERATE_INFOPLIST_FILE = YES;
				IPHONEOS_DEPLOYMENT_TARGET = 18.2;
				MARKETING_VERSION = 1.0;
				PRODUCT_BUNDLE_IDENTIFIER = com.ahtechassignment.RijksMuseumTests;
				PRODUCT_NAME = "$(TARGET_NAME)";
				SWIFT_EMIT_LOC_STRINGS = NO;
				SWIFT_VERSION = 5.0;
				TARGETED_DEVICE_FAMILY = "1,2";
				TEST_HOST = "$(BUILT_PRODUCTS_DIR)/RijksMuseum.app/$(BUNDLE_EXECUTABLE_FOLDER_PATH)/RijksMuseum";
			};
			name = Release;
		};
		85AD05612D41004100E37660 /* Debug */ = {
			isa = XCBuildConfiguration;
			buildSettings = {
				CODE_SIGN_STYLE = Automatic;
				CURRENT_PROJECT_VERSION = 1;
				GENERATE_INFOPLIST_FILE = YES;
				MARKETING_VERSION = 1.0;
				PRODUCT_BUNDLE_IDENTIFIER = com.ahtechassignment.RijksMuseumUITests;
				PRODUCT_NAME = "$(TARGET_NAME)";
				SWIFT_EMIT_LOC_STRINGS = NO;
				SWIFT_VERSION = 5.0;
				TARGETED_DEVICE_FAMILY = "1,2";
				TEST_TARGET_NAME = RijksMuseum;
			};
			name = Debug;
		};
		85AD05622D41004100E37660 /* Release */ = {
			isa = XCBuildConfiguration;
			buildSettings = {
				CODE_SIGN_STYLE = Automatic;
				CURRENT_PROJECT_VERSION = 1;
				GENERATE_INFOPLIST_FILE = YES;
				MARKETING_VERSION = 1.0;
				PRODUCT_BUNDLE_IDENTIFIER = com.ahtechassignment.RijksMuseumUITests;
				PRODUCT_NAME = "$(TARGET_NAME)";
				SWIFT_EMIT_LOC_STRINGS = NO;
				SWIFT_VERSION = 5.0;
				TARGETED_DEVICE_FAMILY = "1,2";
				TEST_TARGET_NAME = RijksMuseum;
			};
			name = Release;
		};
/* End XCBuildConfiguration section */

/* Begin XCConfigurationList section */
		85AD052A2D41004000E37660 /* Build configuration list for PBXProject "RijksMuseum" */ = {
			isa = XCConfigurationList;
			buildConfigurations = (
				85AD055B2D41004100E37660 /* Debug */,
				85AD055C2D41004100E37660 /* Release */,
			);
			defaultConfigurationIsVisible = 0;
			defaultConfigurationName = Release;
		};
		85AD05582D41004100E37660 /* Build configuration list for PBXNativeTarget "RijksMuseum" */ = {
			isa = XCConfigurationList;
			buildConfigurations = (
				85AD05592D41004100E37660 /* Debug */,
				85AD055A2D41004100E37660 /* Release */,
			);
			defaultConfigurationIsVisible = 0;
			defaultConfigurationName = Release;
		};
		85AD055D2D41004100E37660 /* Build configuration list for PBXNativeTarget "RijksMuseumTests" */ = {
			isa = XCConfigurationList;
			buildConfigurations = (
				85AD055E2D41004100E37660 /* Debug */,
				85AD055F2D41004100E37660 /* Release */,
			);
			defaultConfigurationIsVisible = 0;
			defaultConfigurationName = Release;
		};
		85AD05602D41004100E37660 /* Build configuration list for PBXNativeTarget "RijksMuseumUITests" */ = {
			isa = XCConfigurationList;
			buildConfigurations = (
				85AD05612D41004100E37660 /* Debug */,
				85AD05622D41004100E37660 /* Release */,
			);
			defaultConfigurationIsVisible = 0;
			defaultConfigurationName = Release;
		};
/* End XCConfigurationList section */

/* Begin XCLocalSwiftPackageReference section */
		85720ABB2D47A8B80059CF2B /* XCLocalSwiftPackageReference "Dependencies/AppHttpKit" */ = {
			isa = XCLocalSwiftPackageReference;
			relativePath = Dependencies/AppHttpKit;
		};
		85720B462D47AE7A0059CF2B /* XCLocalSwiftPackageReference "Dependencies/RijksData" */ = {
			isa = XCLocalSwiftPackageReference;
			relativePath = Dependencies/RijksData;
		};
		85720B8F2D47FAEA0059CF2B /* XCLocalSwiftPackageReference "Dependencies/RijksUI" */ = {
			isa = XCLocalSwiftPackageReference;
			relativePath = Dependencies/RijksUI;
		};
		857215582D48F9AC0059CF2B /* XCLocalSwiftPackageReference "Dependencies/NavigationKit" */ = {
			isa = XCLocalSwiftPackageReference;
			relativePath = Dependencies/NavigationKit;
		};
		85B669E72D4126C6005C654F /* XCLocalSwiftPackageReference "Dependencies/PlistReader" */ = {
			isa = XCLocalSwiftPackageReference;
			relativePath = Dependencies/PlistReader;
		};
/* End XCLocalSwiftPackageReference section */

/* Begin XCSwiftPackageProductDependency section */
		85720ABC2D47A8B80059CF2B /* AppHttpKit */ = {
			isa = XCSwiftPackageProductDependency;
			productName = AppHttpKit;
		};
		85720B492D47BA3B0059CF2B /* RijksData */ = {
			isa = XCSwiftPackageProductDependency;
			package = 85720B462D47AE7A0059CF2B /* XCLocalSwiftPackageReference "Dependencies/RijksData" */;
			productName = RijksData;
		};
		85720B902D47FAEA0059CF2B /* RijksUI */ = {
			isa = XCSwiftPackageProductDependency;
			productName = RijksUI;
		};
		857215592D48F9AC0059CF2B /* NavigationKit */ = {
			isa = XCSwiftPackageProductDependency;
			productName = NavigationKit;
		};
		85B669ED2D412B78005C654F /* PlistReader */ = {
			isa = XCSwiftPackageProductDependency;
			package = 85B669E72D4126C6005C654F /* XCLocalSwiftPackageReference "Dependencies/PlistReader" */;
			productName = PlistReader;
		};
/* End XCSwiftPackageProductDependency section */
	};
	rootObject = 85AD05272D41004000E37660 /* Project object */;
}
